lockfileVersion: 5.4

specifiers:
  '@mx-space/api-client': 0.10.6
  '@types/html-minifier': 4.0.1
  '@types/markdown-it': 12.2.3
  '@types/node': 16.10.3
  axios: 0.22.0
  dayjs: 1.10.7
  html-minifier: 4.0.0
  lodash: 4.17.21
  markdown-it: 12.3.0
  retry-axios: 2.6.0
  ts-node: 10.3.0
  typescript: 4.4.3

dependencies:
  '@mx-space/api-client': 0.10.6
  '@types/html-minifier': 4.0.1
  '@types/node': 16.10.3
  axios: 0.22.0
  dayjs: 1.10.7
  html-minifier: 4.0.0
  lodash: 4.17.21
  retry-axios: 2.6.0_axios@0.22.0
  ts-node: 10.3.0_qmcozvyvqmhxygiljuo6vefraa
  typescript: 4.4.3

devDependencies:
  '@types/markdown-it': 12.2.3
  markdown-it: 12.3.0

packages:

  /@cspotcode/source-map-consumer/0.8.0:
    resolution: {integrity: sha512-41qniHzTU8yAGbCp04ohlmSrZf8bkf/iJsl3V0dRGsQN/5GFfx+LbCSsCpp2gqrqjTVg/K6O8ycoV35JIwAzAg==}
    engines: {node: '>= 12'}
    dev: false

  /@cspotcode/source-map-support/0.7.0:
    resolution: {integrity: sha512-X4xqRHqN8ACt2aHVe51OxeA2HjbcL4MqFqXkrmQszJ1NOUuUu5u6Vqx/0lZSVNku7velL5FC/s5uEAj1lsBMhA==}
    engines: {node: '>=12'}
    dependencies:
      '@cspotcode/source-map-consumer': 0.8.0
    dev: false

  /@mx-space/api-client/0.10.6:
    resolution: {integrity: sha512-dwkwJkfTICTXVyahFKwCW2n9ZERfSQueO1gdG3p6Zzdbr1i05OG0EEA2zXU0xiVQNHkvx5nsQGnWsL3aVvKERw==}
    engines: {pnpm: '>=6'}
    dependencies:
      camelcase-keys: 7.0.2
    dev: false

  /@tsconfig/node10/1.0.8:
    resolution: {integrity: sha512-6XFfSQmMgq0CFLY1MslA/CPUfhIL919M1rMsa5lP2P097N2Wd1sSX0tx1u4olM16fLNhtHZpRhedZJphNJqmZg==}
    dev: false

  /@tsconfig/node12/1.0.9:
    resolution: {integrity: sha512-/yBMcem+fbvhSREH+s14YJi18sp7J9jpuhYByADT2rypfajMZZN4WQ6zBGgBKp53NKmqI36wFYDb3yaMPurITw==}
    dev: false

  /@tsconfig/node14/1.0.1:
    resolution: {integrity: sha512-509r2+yARFfHHE7T6Puu2jjkoycftovhXRqW328PDXTVGKihlb1P8Z9mMZH04ebyajfRY7dedfGynlrFHJUQCg==}
    dev: false

  /@tsconfig/node16/1.0.2:
    resolution: {integrity: sha512-eZxlbI8GZscaGS7kkc/trHTT5xgrjH3/1n2JDwusC9iahPKWMRvRjJSAN5mCXviuTGQ/lHnhvv8Q1YTpnfz9gA==}
    dev: false

  /@types/clean-css/4.2.5:
    resolution: {integrity: sha512-NEzjkGGpbs9S9fgC4abuBvTpVwE3i+Acu9BBod3PUyjDVZcNsGx61b8r2PphR61QGPnn0JHVs5ey6/I4eTrkxw==}
    dependencies:
      '@types/node': 16.10.3
      source-map: 0.6.1
    dev: false

  /@types/html-minifier/4.0.1:
    resolution: {integrity: sha512-6u58FWQbWP45bsxVeMJo0yk2LEsjjZsCwn0JDe/i5Edk3L+b9TR5eZ2FGaMCrLdtGYpME5AGxUqv8o+3hWKogw==}
    dependencies:
      '@types/clean-css': 4.2.5
      '@types/relateurl': 0.2.29
      '@types/uglify-js': 3.13.1
    dev: false

  /@types/linkify-it/3.0.2:
    resolution: {integrity: sha512-HZQYqbiFVWufzCwexrvh694SOim8z2d+xJl5UNamcvQFejLY/2YUtzXHYi3cHdI7PMlS8ejH2slRAOJQ32aNbA==}
    dev: true

  /@types/markdown-it/12.2.3:
    resolution: {integrity: sha512-GKMHFfv3458yYy+v/N8gjufHO6MSZKCOXpZc5GXIWWy8uldwfmPn98vp81gZ5f9SVw8YYBctgfJ22a2d7AOMeQ==}
    dependencies:
      '@types/linkify-it': 3.0.2
      '@types/mdurl': 1.0.2
    dev: true

  /@types/mdurl/1.0.2:
    resolution: {integrity: sha512-eC4U9MlIcu2q0KQmXszyn5Akca/0jrQmwDRgpAMJai7qBWq4amIQhZyNau4VYGtCeALvW1/NtjzJJ567aZxfKA==}
    dev: true

  /@types/node/16.10.3:
    resolution: {integrity: sha512-ho3Ruq+fFnBrZhUYI46n/bV2GjwzSkwuT4dTf0GkuNFmnb8nq4ny2z9JEVemFi6bdEJanHLlYfy9c6FN9B9McQ==}
    dev: false

  /@types/relateurl/0.2.29:
    resolution: {integrity: sha512-QSvevZ+IRww2ldtfv1QskYsqVVVwCKQf1XbwtcyyoRvLIQzfyPhj/C+3+PKzSDRdiyejaiLgnq//XTkleorpLg==}
    dev: false

  /@types/uglify-js/3.13.1:
    resolution: {integrity: sha512-O3MmRAk6ZuAKa9CHgg0Pr0+lUOqoMLpc9AS4R8ano2auvsg7IE8syF3Xh/NPr26TWklxYcqoEEFdzLLs1fV9PQ==}
    dependencies:
      source-map: 0.6.1
    dev: false

  /acorn-walk/8.2.0:
    resolution: {integrity: sha512-k+iyHEuPgSw6SbuDpGQM+06HQUa04DZ3o+F6CSzXMvvI5KMvnaEqXe+YVe555R9nn6GPt404fos4wcgpw12SDA==}
    engines: {node: '>=0.4.0'}
    dev: false

  /acorn/8.5.0:
    resolution: {integrity: sha512-yXbYeFy+jUuYd3/CDcg2NkIYE991XYX/bje7LmjJigUciaeO1JR4XxXgCIV1/Zc/dRuFEyw1L0pbA+qynJkW5Q==}
    engines: {node: '>=0.4.0'}
    hasBin: true
    dev: false

  /arg/4.1.3:
    resolution: {integrity: sha512-58S9QDqG0Xx27YwPSt9fJxivjYl432YCwfDMfZ+71RAqUrZef7LrKQZ3LHLOwCS4FLNBplP533Zx895SeOCHvA==}
    dev: false

  /argparse/2.0.1:
    resolution: {integrity: sha512-8+9WqebbFzpX9OR+Wa6O29asIogeRMzcGtAINdpMHHyAg10f05aSFVBbcEqGf/PXw1EjAZ+q2/bEBg3DvurK3Q==}
    dev: true

  /axios/0.22.0:
    resolution: {integrity: sha512-Z0U3uhqQeg1oNcihswf4ZD57O3NrR1+ZXhxaROaWpDmsDTx7T2HNBV2ulBtie2hwJptu8UvgnJoK+BIqdzh/1w==}
    dependencies:
      follow-redirects: 1.14.4
    transitivePeerDependencies:
      - debug
    dev: false

  /camel-case/3.0.0:
    resolution: {integrity: sha1-yjw2iKTpzzpM2nd9xNy8cTJJz3M=}
    dependencies:
      no-case: 2.3.2
      upper-case: 1.1.3
    dev: false

  /camelcase-keys/7.0.2:
    resolution: {integrity: sha512-Rjs1H+A9R+Ig+4E/9oyB66UC5Mj9Xq3N//vcLf2WzgdTi/3gUu3Z9KoqmlrEG4VuuLK8wJHofxzdQXz/knhiYg==}
    engines: {node: '>=12'}
    dependencies:
      camelcase: 6.3.0
      map-obj: 4.3.0
      quick-lru: 5.1.1
      type-fest: 1.4.0
    dev: false

  /camelcase/6.3.0:
    resolution: {integrity: sha512-Gmy6FhYlCY7uOElZUSbxo2UCDH8owEk996gkbrpsgGtrJLM3J7jGxl9Ic7Qwwj4ivOE5AWZWRMecDdF7hqGjFA==}
    engines: {node: '>=10'}
    dev: false

  /clean-css/4.2.3:
    resolution: {integrity: sha512-VcMWDN54ZN/DS+g58HYL5/n4Zrqe8vHJpGA8KdgUXFU4fuP/aHNw8eld9SyEIyabIMJX/0RaY/fplOo5hYLSFA==}
    engines: {node: '>= 4.0'}
    dependencies:
      source-map: 0.6.1
    dev: false

  /commander/2.20.3:
    resolution: {integrity: sha512-GpVkmM8vF2vQUkj2LvZmD35JxeJOLCwJ9cUkugyk2nuhbv3+mJvpLYYt+0+USMxE+oj+ey/lJEnhZw75x/OMcQ==}
    dev: false

  /create-require/1.1.1:
    resolution: {integrity: sha512-dcKFX3jn0MpIaXjisoRvexIJVEKzaq7z2rZKxf+MSr9TkdmHmsU4m2lcLojrj/FHl8mk5VxMmYA+ftRkP/3oKQ==}
    dev: false

  /dayjs/1.10.7:
    resolution: {integrity: sha512-P6twpd70BcPK34K26uJ1KT3wlhpuOAPoMwJzpsIWUxHZ7wpmbdZL/hQqBDfz7hGurYSa5PhzdhDHtt319hL3ig==}
    dev: false

  /diff/4.0.2:
    resolution: {integrity: sha512-58lmxKSA4BNyLz+HHMUzlOEpg09FV+ev6ZMe3vJihgdxzgcwZ8VoEEPmALCZG9LmqfVoNMMKpttIYTVG6uDY7A==}
    engines: {node: '>=0.3.1'}
    dev: false

  /entities/2.1.0:
    resolution: {integrity: sha512-hCx1oky9PFrJ611mf0ifBLBRW8lUUVRlFolb5gWRfIELabBlbp9xZvrqZLZAs+NxFnbfQoeGd8wDkygjg7U85w==}
    dev: true

  /follow-redirects/1.14.4:
    resolution: {integrity: sha512-zwGkiSXC1MUJG/qmeIFH2HBJx9u0V46QGUe3YR1fXG8bXQxq7fLj0RjLZQ5nubr9qNJUZrH+xUcwXEoXNpfS+g==}
    engines: {node: '>=4.0'}
    peerDependencies:
      debug: '*'
    peerDependenciesMeta:
      debug:
        optional: true
    dev: false

  /he/1.2.0:
    resolution: {integrity: sha512-F/1DnUGPopORZi0ni+CvrCgHQ5FyEAHRLSApuYWMmrbSwoN2Mn/7k+Gl38gJnR7yyDZk6WLXwiGod1JOWNDKGw==}
    hasBin: true
    dev: false

  /html-minifier/4.0.0:
    resolution: {integrity: sha512-aoGxanpFPLg7MkIl/DDFYtb0iWz7jMFGqFhvEDZga6/4QTjneiD8I/NXL1x5aaoCp7FSIT6h/OhykDdPsbtMig==}
    engines: {node: '>=6'}
    hasBin: true
    dependencies:
      camel-case: 3.0.0
      clean-css: 4.2.3
      commander: 2.20.3
      he: 1.2.0
      param-case: 2.1.1
      relateurl: 0.2.7
      uglify-js: 3.14.2
    dev: false

  /linkify-it/3.0.3:
    resolution: {integrity: sha512-ynTsyrFSdE5oZ/O9GEf00kPngmOfVwazR5GKDq6EYfhlpFug3J2zybX56a2PRRpc9P+FuSoGNAwjlbDs9jJBPQ==}
    dependencies:
      uc.micro: 1.0.6
    dev: true

  /lodash/4.17.21:
    resolution: {integrity: sha512-v2kDEe57lecTulaDIuNTPy3Ry4gLGJ6Z1O3vE1krgXZNrsQ+LFTGHVxVjcXPs17LhbZVGedAJv8XZ1tvj5FvSg==}
    dev: false

  /lower-case/1.1.4:
    resolution: {integrity: sha1-miyr0bno4K6ZOkv31YdcOcQujqw=}
    dev: false

  /make-error/1.3.6:
    resolution: {integrity: sha512-s8UhlNe7vPKomQhC1qFelMokr/Sc3AgNbso3n74mVPA5LTZwkB9NlXf4XPamLxJE8h0gh73rM94xvwRT2CVInw==}
    dev: false

  /map-obj/4.3.0:
    resolution: {integrity: sha512-hdN1wVrZbb29eBGiGjJbeP8JbKjq1urkHJ/LIP/NY48MZ1QVXUsQBV1G1zvYFHn1XE06cwjBsOI2K3Ulnj1YXQ==}
    engines: {node: '>=8'}
    dev: false

  /markdown-it/12.3.0:
    resolution: {integrity: sha512-T345UZZ6ejQWTjG6PSEHplzNy5m4kF6zvUpHVDv8Snl/pEU0OxIK0jGg8YLVNwJvT8E0YJC7/2UvssJDk/wQCQ==}
    hasBin: true
    dependencies:
      argparse: 2.0.1
      entities: 2.1.0
      linkify-it: 3.0.3
      mdurl: 1.0.1
      uc.micro: 1.0.6
    dev: true

  /mdurl/1.0.1:
    resolution: {integrity: sha1-/oWy7HWlkDfyrf7BAP1sYBdhFS4=}
    dev: true

  /no-case/2.3.2:
    resolution: {integrity: sha512-rmTZ9kz+f3rCvK2TD1Ue/oZlns7OGoIWP4fc3llxxRXlOkHKoWPPWJOfFYpITabSow43QJbRIoHQXtt10VldyQ==}
    dependencies:
      lower-case: 1.1.4
    dev: false

  /param-case/2.1.1:
    resolution: {integrity: sha1-35T9jPZTHs915r75oIWPvHK+Ikc=}
    dependencies:
      no-case: 2.3.2
    dev: false

  /quick-lru/5.1.1:
    resolution: {integrity: sha512-WuyALRjWPDGtt/wzJiadO5AXY+8hZ80hVpe6MyivgraREW751X3SbhRvG3eLKOYN+8VEvqLcf3wdnt44Z4S4SA==}
    engines: {node: '>=10'}
    dev: false

  /relateurl/0.2.7:
    resolution: {integrity: sha1-VNvzd+UUQKypCkzSdGANP/LYiKk=}
    engines: {node: '>= 0.10'}
    dev: false

  /retry-axios/2.6.0_axios@0.22.0:
    resolution: {integrity: sha512-pOLi+Gdll3JekwuFjXO3fTq+L9lzMQGcSq7M5gIjExcl3Gu1hd4XXuf5o3+LuSBsaULQH7DiNbsqPd1chVpQGQ==}
    engines: {node: '>=10.7.0'}
    peerDependencies:
      axios: '*'
    dependencies:
      axios: 0.22.0
    dev: false

  /source-map/0.6.1:
    resolution: {integrity: sha512-UjgapumWlbMhkBgzT7Ykc5YXUT46F0iKu8SGXq0bcwP5dz/h0Plj6enJqjz1Zbq2l5WaqYnrVbwWOWMyF3F47g==}
    engines: {node: '>=0.10.0'}
    dev: false

  /ts-node/10.3.0_qmcozvyvqmhxygiljuo6vefraa:
    resolution: {integrity: sha512-RYIy3i8IgpFH45AX4fQHExrT8BxDeKTdC83QFJkNzkvt8uFB6QJ8XMyhynYiKMLxt9a7yuXaDBZNOYS3XjDcYw==}
    hasBin: true
    peerDependencies:
      '@swc/core': '>=1.2.50'
      '@swc/wasm': '>=1.2.50'
      '@types/node': '*'
      typescript: '>=2.7'
    peerDependenciesMeta:
      '@swc/core':
        optional: true
      '@swc/wasm':
        optional: true
    dependencies:
      '@cspotcode/source-map-support': 0.7.0
      '@tsconfig/node10': 1.0.8
      '@tsconfig/node12': 1.0.9
      '@tsconfig/node14': 1.0.1
      '@tsconfig/node16': 1.0.2
      '@types/node': 16.10.3
      acorn: 8.5.0
      acorn-walk: 8.2.0
      arg: 4.1.3
      create-require: 1.1.1
      diff: 4.0.2
      make-error: 1.3.6
      typescript: 4.4.3
      yn: 3.1.1
    dev: false

  /type-fest/1.4.0:
    resolution: {integrity: sha512-yGSza74xk0UG8k+pLh5oeoYirvIiWo5t0/o3zHHAO2tRDiZcxWP7fywNlXhqb6/r6sWvwi+RsyQMWhVLe4BVuA==}
    engines: {node: '>=10'}
    dev: false

  /typescript/4.4.3:
    resolution: {integrity: sha512-4xfscpisVgqqDfPaJo5vkd+Qd/ItkoagnHpufr+i2QCHBsNYp+G7UAoyFl8aPtx879u38wPV65rZ8qbGZijalA==}
    engines: {node: '>=4.2.0'}
    hasBin: true
    dev: false

  /uc.micro/1.0.6:
    resolution: {integrity: sha512-8Y75pvTYkLJW2hWQHXxoqRgV7qb9B+9vFEtidML+7koHUFapnVJAZ6cKs+Qjz5Aw3aZWHMC6u0wJE3At+nSGwA==}
    dev: true

  /uglify-js/3.14.2:
    resolution: {integrity: sha512-rtPMlmcO4agTUfz10CbgJ1k6UAoXM2gWb3GoMPPZB/+/Ackf8lNWk11K4rYi2D0apgoFRLtQOZhb+/iGNJq26A==}
    engines: {node: '>=0.8.0'}
    hasBin: true
    dev: false

  /upper-case/1.1.3:
    resolution: {integrity: sha1-9rRQHC7EzdJrp4vnIilh3ndiFZg=}
    dev: false

  /yn/3.1.1:
    resolution: {integrity: sha512-Ux4ygGWsu2c7isFWe8Yu1YluJmqVhxqK2cLXNQA5AcC3QfbGNpM7fu0Y8b/z16pXLnFxZYvWhd3fhBY9DLmC6Q==}
    engines: {node: '>=6'}
    dev: false
